
Microsoft Visual Studio Solution File, Format Version 12.00
# Visual Studio 15
VisualStudioVersion = 15.0.28307.705
MinimumVisualStudioVersion = 10.0.40219.1
Project("{FAE04EC0-301F-11D3-BF4B-00C04F79EFBC}") = "MonkeyDungeon", "MonkeyDungeon\MonkeyDungeon.csproj", "{17C9BF4D-01DE-48A7-BE38-76064FE59E79}"
EndProject
Global
	GlobalSection(SolutionConfigurationPlatforms) = preSolution
		Debug|Any CPU = Debug|Any CPU
		Release|Any CPU = Release|Any CPU
	EndGlobalSection
	GlobalSection(ProjectConfigurationPlatforms) = postSolution
		{17C9BF4D-01DE-48A7-BE38-76064FE59E79}.Debug|Any CPU.ActiveCfg = Debug|Any CPU
		{17C9BF4D-01DE-48A7-BE38-76064FE59E79}.Debug|Any CPU.Build.0 = Debug|Any CPU
		{17C9BF4D-01DE-48A7-BE38-76064FE59E79}.Release|Any CPU.ActiveCfg = Release|Any CPU
		{17C9BF4D-01DE-48A7-BE38-76064FE59E79}.Release|Any CPU.Build.0 = Release|Any CPU
	EndGlobalSection
	GlobalSection(SolutionProperties) = preSolution
		HideSolutionNode = FALSE
	EndGlobalSection
	GlobalSection(ExtensibilityGlobals) = postSolution
		SolutionGuid = {433571F7-2584-42A4-8207-55A85773216F}
	EndGlobalSection
EndGlobal
